// !$*UTF8*$!
{
	archiveVersion = 1;
	classes = {
	};
	objectVersion = 70;
	objects = {

/* Begin PBXBuildFile section */
		DD3BC3762CB6B84200517B49 /* AppDelegate.swift in Sources */ = {isa = PBXBuildFile; fileRef = DD3BC3752CB6B84200517B49 /* AppDelegate.swift */; };
		DD3BC3782CB6B84200517B49 /* SceneDelegate.swift in Sources */ = {isa = PBXBuildFile; fileRef = DD3BC3772CB6B84200517B49 /* SceneDelegate.swift */; };
		DD3BC37A2CB6B84200517B49 /* ViewController.swift in Sources */ = {isa = PBXBuildFile; fileRef = DD3BC3792CB6B84200517B49 /* ViewController.swift */; };
		DD3BC37F2CB6B84300517B49 /* Assets.xcassets in Resources */ = {isa = PBXBuildFile; fileRef = DD3BC37E2CB6B84300517B49 /* Assets.xcassets */; };
		DD3BC3822CB6B84300517B49 /* LaunchScreen.storyboard in Resources */ = {isa = PBXBuildFile; fileRef = DD3BC3802CB6B84300517B49 /* LaunchScreen.storyboard */; };
		DD3BC38C2CB6BC9200517B49 /* NarutoModel.swift in Sources */ = {isa = PBXBuildFile; fileRef = DD3BC38B2CB6BC9200517B49 /* NarutoModel.swift */; };
		DD3BC38F2CB6BD2F00517B49 /* NarutoManager.swift in Sources */ = {isa = PBXBuildFile; fileRef = DD3BC38E2CB6BD2F00517B49 /* NarutoManager.swift */; };
		DD3BC3932CB6C13800517B49 /* CustomButton.swift in Sources */ = {isa = PBXBuildFile; fileRef = DD3BC3922CB6C13800517B49 /* CustomButton.swift */; };
		DD3BC3952CB71D5600517B49 /* NarutoDataManager.swift in Sources */ = {isa = PBXBuildFile; fileRef = DD3BC3942CB71D5600517B49 /* NarutoDataManager.swift */; };
		DD3BC3972CB7229A00517B49 /* UIStackView+AddSubviews.swift in Sources */ = {isa = PBXBuildFile; fileRef = DD3BC3962CB7229900517B49 /* UIStackView+AddSubviews.swift */; };
		DD3BC39B2CB7410900517B49 /* UIView+Gradient.swift in Sources */ = {isa = PBXBuildFile; fileRef = DD3BC39A2CB7410900517B49 /* UIView+Gradient.swift */; };
		DD510AAC2CDD3B56007A287F /* UIView+Extensions.swift in Sources */ = {isa = PBXBuildFile; fileRef = DD510AAB2CDD3B56007A287F /* UIView+Extensions.swift */; };
		DD6060912D78E227007FDEE2 /* MarTableViewController.swift in Sources */ = {isa = PBXBuildFile; fileRef = DD6060902D78E227007FDEE2 /* MarTableViewController.swift */; };
		DD6355CC2D64EDA4009106FC /* FindImageViewController.swift in Sources */ = {isa = PBXBuildFile; fileRef = DD6355CB2D64EDA4009106FC /* FindImageViewController.swift */; };
		DD946E5F2D6629BE00479F9A /* PanImageViewController.swift in Sources */ = {isa = PBXBuildFile; fileRef = DD946E5E2D6629BE00479F9A /* PanImageViewController.swift */; };
		DDDA51C82D775EAA00791233 /* ImageListViewController.swift in Sources */ = {isa = PBXBuildFile; fileRef = DDDA51C72D775EAA00791233 /* ImageListViewController.swift */; };
		DDE5052A2D7339E6002B15B0 /* LicenseAgreementViewController.swift in Sources */ = {isa = PBXBuildFile; fileRef = DDE505292D7339E6002B15B0 /* LicenseAgreementViewController.swift */; };
		DDE5052C2D734C61002B15B0 /* TextManager.swift in Sources */ = {isa = PBXBuildFile; fileRef = DDE5052B2D734C61002B15B0 /* TextManager.swift */; };
/* End PBXBuildFile section */

/* Begin PBXFileReference section */
		DD3BC3722CB6B84200517B49 /* Exam21Lesson.app */ = {isa = PBXFileReference; explicitFileType = wrapper.application; includeInIndex = 0; path = Exam21Lesson.app; sourceTree = BUILT_PRODUCTS_DIR; };
		DD3BC3752CB6B84200517B49 /* AppDelegate.swift */ = {isa = PBXFileReference; lastKnownFileType = sourcecode.swift; path = AppDelegate.swift; sourceTree = "<group>"; };
		DD3BC3772CB6B84200517B49 /* SceneDelegate.swift */ = {isa = PBXFileReference; lastKnownFileType = sourcecode.swift; path = SceneDelegate.swift; sourceTree = "<group>"; };
		DD3BC3792CB6B84200517B49 /* ViewController.swift */ = {isa = PBXFileReference; lastKnownFileType = sourcecode.swift; path = ViewController.swift; sourceTree = "<group>"; };
		DD3BC37E2CB6B84300517B49 /* Assets.xcassets */ = {isa = PBXFileReference; lastKnownFileType = folder.assetcatalog; path = Assets.xcassets; sourceTree = "<group>"; };
		DD3BC3812CB6B84300517B49 /* Base */ = {isa = PBXFileReference; lastKnownFileType = file.storyboard; name = Base; path = Base.lproj/LaunchScreen.storyboard; sourceTree = "<group>"; };
		DD3BC3832CB6B84300517B49 /* Info.plist */ = {isa = PBXFileReference; lastKnownFileType = text.plist.xml; path = Info.plist; sourceTree = "<group>"; };
		DD3BC38B2CB6BC9200517B49 /* NarutoModel.swift */ = {isa = PBXFileReference; lastKnownFileType = sourcecode.swift; path = NarutoModel.swift; sourceTree = "<group>"; };
		DD3BC38E2CB6BD2F00517B49 /* NarutoManager.swift */ = {isa = PBXFileReference; lastKnownFileType = sourcecode.swift; path = NarutoManager.swift; sourceTree = "<group>"; };
		DD3BC3922CB6C13800517B49 /* CustomButton.swift */ = {isa = PBXFileReference; lastKnownFileType = sourcecode.swift; path = CustomButton.swift; sourceTree = "<group>"; };
		DD3BC3942CB71D5600517B49 /* NarutoDataManager.swift */ = {isa = PBXFileReference; lastKnownFileType = sourcecode.swift; path = NarutoDataManager.swift; sourceTree = "<group>"; };
		DD3BC3962CB7229900517B49 /* UIStackView+AddSubviews.swift */ = {isa = PBXFileReference; lastKnownFileType = sourcecode.swift; path = "UIStackView+AddSubviews.swift"; sourceTree = "<group>"; };
		DD3BC39A2CB7410900517B49 /* UIView+Gradient.swift */ = {isa = PBXFileReference; lastKnownFileType = sourcecode.swift; path = "UIView+Gradient.swift"; sourceTree = "<group>"; };
		DD510AAB2CDD3B56007A287F /* UIView+Extensions.swift */ = {isa = PBXFileReference; lastKnownFileType = sourcecode.swift; path = "UIView+Extensions.swift"; sourceTree = "<group>"; };
		DD6060902D78E227007FDEE2 /* MarTableViewController.swift */ = {isa = PBXFileReference; lastKnownFileType = sourcecode.swift; path = MarTableViewController.swift; sourceTree = "<group>"; };
		DD6355CB2D64EDA4009106FC /* FindImageViewController.swift */ = {isa = PBXFileReference; lastKnownFileType = sourcecode.swift; path = FindImageViewController.swift; sourceTree = "<group>"; };
		DD946E5E2D6629BE00479F9A /* PanImageViewController.swift */ = {isa = PBXFileReference; lastKnownFileType = sourcecode.swift; path = PanImageViewController.swift; sourceTree = "<group>"; };
		DDDA51C72D775EAA00791233 /* ImageListViewController.swift */ = {isa = PBXFileReference; lastKnownFileType = sourcecode.swift; path = ImageListViewController.swift; sourceTree = "<group>"; };
		DDE505292D7339E6002B15B0 /* LicenseAgreementViewController.swift */ = {isa = PBXFileReference; lastKnownFileType = sourcecode.swift; path = LicenseAgreementViewController.swift; sourceTree = "<group>"; };
		DDE5052B2D734C61002B15B0 /* TextManager.swift */ = {isa = PBXFileReference; lastKnownFileType = sourcecode.swift; path = TextManager.swift; sourceTree = "<group>"; };
/* End PBXFileReference section */

/* Begin PBXFileSystemSynchronizedRootGroup section */
		DD6060922D78E6E4007FDEE2 /* CustomCell */ = {isa = PBXFileSystemSynchronizedRootGroup; explicitFileTypes = {}; explicitFolders = (); path = CustomCell; sourceTree = "<group>"; };
		DDD19B6A2D8ABB5300AA9A6E /* CustomView */ = {isa = PBXFileSystemSynchronizedRootGroup; explicitFileTypes = {}; explicitFolders = (); path = CustomView; sourceTree = "<group>"; };
/* End PBXFileSystemSynchronizedRootGroup section */

/* Begin PBXFrameworksBuildPhase section */
		DD3BC36F2CB6B84200517B49 /* Frameworks */ = {
			isa = PBXFrameworksBuildPhase;
			buildActionMask = 2147483647;
			files = (
			);
			runOnlyForDeploymentPostprocessing = 0;
		};
/* End PBXFrameworksBuildPhase section */

/* Begin PBXGroup section */
		DD3BC3692CB6B84200517B49 = {
			isa = PBXGroup;
			children = (
				DD3BC3742CB6B84200517B49 /* Exam21Lesson */,
				DD3BC3732CB6B84200517B49 /* Products */,
			);
			sourceTree = "<group>";
		};
		DD3BC3732CB6B84200517B49 /* Products */ = {
			isa = PBXGroup;
			children = (
				DD3BC3722CB6B84200517B49 /* Exam21Lesson.app */,
			);
			name = Products;
			sourceTree = "<group>";
		};
		DD3BC3742CB6B84200517B49 /* Exam21Lesson */ = {
			isa = PBXGroup;
			children = (
				DD3BC3752CB6B84200517B49 /* AppDelegate.swift */,
				DD3BC3772CB6B84200517B49 /* SceneDelegate.swift */,
				DD3BC3892CB6BB7700517B49 /* Controllers */,
				DD3BC38D2CB6BC9E00517B49 /* Model */,
				DD3BC3992CB740A200517B49 /* CustomElements */,
				DD3BC38A2CB6BB8300517B49 /* Resources */,
				DD3BC3982CB7409100517B49 /* Extensions */,
				DD3BC3832CB6B84300517B49 /* Info.plist */,
			);
			path = Exam21Lesson;
			sourceTree = "<group>";
		};
		DD3BC3892CB6BB7700517B49 /* Controllers */ = {
			isa = PBXGroup;
			children = (
				DDD19B6A2D8ABB5300AA9A6E /* CustomView */,
				DD6060922D78E6E4007FDEE2 /* CustomCell */,
				DD3BC3792CB6B84200517B49 /* ViewController.swift */,
				DD6355CB2D64EDA4009106FC /* FindImageViewController.swift */,
				DD946E5E2D6629BE00479F9A /* PanImageViewController.swift */,
				DDE505292D7339E6002B15B0 /* LicenseAgreementViewController.swift */,
				DDDA51C72D775EAA00791233 /* ImageListViewController.swift */,
				DD6060902D78E227007FDEE2 /* MarTableViewController.swift */,
			);
			path = Controllers;
			sourceTree = "<group>";
		};
		DD3BC38A2CB6BB8300517B49 /* Resources */ = {
			isa = PBXGroup;
			children = (
				DD3BC3802CB6B84300517B49 /* LaunchScreen.storyboard */,
				DD3BC37E2CB6B84300517B49 /* Assets.xcassets */,
			);
			path = Resources;
			sourceTree = "<group>";
		};
		DD3BC38D2CB6BC9E00517B49 /* Model */ = {
			isa = PBXGroup;
			children = (
				DD3BC38B2CB6BC9200517B49 /* NarutoModel.swift */,
				DD3BC38E2CB6BD2F00517B49 /* NarutoManager.swift */,
				DD3BC3942CB71D5600517B49 /* NarutoDataManager.swift */,
				DDE5052B2D734C61002B15B0 /* TextManager.swift */,
			);
			path = Model;
			sourceTree = "<group>";
		};
		DD3BC3982CB7409100517B49 /* Extensions */ = {
			isa = PBXGroup;
			children = (
				DD3BC3962CB7229900517B49 /* UIStackView+AddSubviews.swift */,
				DD3BC39A2CB7410900517B49 /* UIView+Gradient.swift */,
				DD510AAB2CDD3B56007A287F /* UIView+Extensions.swift */,
			);
			path = Extensions;
			sourceTree = "<group>";
		};
		DD3BC3992CB740A200517B49 /* CustomElements */ = {
			isa = PBXGroup;
			children = (
				DD3BC3922CB6C13800517B49 /* CustomButton.swift */,
			);
			path = CustomElements;
			sourceTree = "<group>";
		};
/* End PBXGroup section */

/* Begin PBXNativeTarget section */
		DD3BC3712CB6B84200517B49 /* Exam21Lesson */ = {
			isa = PBXNativeTarget;
			buildConfigurationList = DD3BC3862CB6B84300517B49 /* Build configuration list for PBXNativeTarget "Exam21Lesson" */;
			buildPhases = (
				DD3BC36E2CB6B84200517B49 /* Sources */,
				DD3BC36F2CB6B84200517B49 /* Frameworks */,
				DD3BC3702CB6B84200517B49 /* Resources */,
			);
			buildRules = (
			);
			dependencies = (
			);
			fileSystemSynchronizedGroups = (
				DD6060922D78E6E4007FDEE2 /* CustomCell */,
				DDD19B6A2D8ABB5300AA9A6E /* CustomView */,
			);
			name = Exam21Lesson;
			productName = Exam21Lesson;
			productReference = DD3BC3722CB6B84200517B49 /* Exam21Lesson.app */;
			productType = "com.apple.product-type.application";
		};
/* End PBXNativeTarget section */

/* Begin PBXProject section */
		DD3BC36A2CB6B84200517B49 /* Project object */ = {
			isa = PBXProject;
			attributes = {
				BuildIndependentTargetsInParallel = 1;
				LastSwiftUpdateCheck = 1520;
				LastUpgradeCheck = 1520;
				TargetAttributes = {
					DD3BC3712CB6B84200517B49 = {
						CreatedOnToolsVersion = 15.2;
					};
				};
			};
			buildConfigurationList = DD3BC36D2CB6B84200517B49 /* Build configuration list for PBXProject "Exam21Lesson" */;
			compatibilityVersion = "Xcode 14.0";
			developmentRegion = en;
			hasScannedForEncodings = 0;
			knownRegions = (
				en,
				Base,
			);
			mainGroup = DD3BC3692CB6B84200517B49;
			productRefGroup = DD3BC3732CB6B84200517B49 /* Products */;
			projectDirPath = "";
			projectRoot = "";
			targets = (
				DD3BC3712CB6B84200517B49 /* Exam21Lesson */,
			);
		};
/* End PBXProject section */

/* Begin PBXResourcesBuildPhase section */
		DD3BC3702CB6B84200517B49 /* Resources */ = {
			isa = PBXResourcesBuildPhase;
			buildActionMask = 2147483647;
			files = (
				DD3BC3822CB6B84300517B49 /* LaunchScreen.storyboard in Resources */,
				DD3BC37F2CB6B84300517B49 /* Assets.xcassets in Resources */,
			);
			runOnlyForDeploymentPostprocessing = 0;
		};
/* End PBXResourcesBuildPhase section */

/* Begin PBXSourcesBuildPhase section */
		DD3BC36E2CB6B84200517B49 /* Sources */ = {
			isa = PBXSourcesBuildPhase;
			buildActionMask = 2147483647;
			files = (
				DDDA51C82D775EAA00791233 /* ImageListViewController.swift in Sources */,
				DDE5052A2D7339E6002B15B0 /* LicenseAgreementViewController.swift in Sources */,
				DD3BC37A2CB6B84200517B49 /* ViewController.swift in Sources */,
				DD3BC39B2CB7410900517B49 /* UIView+Gradient.swift in Sources */,
				DD6355CC2D64EDA4009106FC /* FindImageViewController.swift in Sources */,
				DD510AAC2CDD3B56007A287F /* UIView+Extensions.swift in Sources */,
				DD946E5F2D6629BE00479F9A /* PanImageViewController.swift in Sources */,
				DDE5052C2D734C61002B15B0 /* TextManager.swift in Sources */,
				DD3BC38F2CB6BD2F00517B49 /* NarutoManager.swift in Sources */,
				DD3BC3932CB6C13800517B49 /* CustomButton.swift in Sources */,
				DD3BC3972CB7229A00517B49 /* UIStackView+AddSubviews.swift in Sources */,
				DD3BC3762CB6B84200517B49 /* AppDelegate.swift in Sources */,
				DD3BC38C2CB6BC9200517B49 /* NarutoModel.swift in Sources */,
				DD3BC3782CB6B84200517B49 /* SceneDelegate.swift in Sources */,
				DD6060912D78E227007FDEE2 /* MarTableViewController.swift in Sources */,
				DD3BC3952CB71D5600517B49 /* NarutoDataManager.swift in Sources */,
			);
			runOnlyForDeploymentPostprocessing = 0;
		};
/* End PBXSourcesBuildPhase section */

/* Begin PBXVariantGroup section */
		DD3BC3802CB6B84300517B49 /* LaunchScreen.storyboard */ = {
			isa = PBXVariantGroup;
			children = (
				DD3BC3812CB6B84300517B49 /* Base */,
			);
			name = LaunchScreen.storyboard;
			sourceTree = "<group>";
		};
/* End PBXVariantGroup section */

/* Begin XCBuildConfiguration section */
		DD3BC3842CB6B84300517B49 /* Debug */ = {
			isa = XCBuildConfiguration;
			buildSettings = {
				ALWAYS_SEARCH_USER_PATHS = NO;
				ASSETCATALOG_COMPILER_GENERATE_SWIFT_ASSET_SYMBOL_EXTENSIONS = YES;
				CLANG_ANALYZER_NONNULL = YES;
				CLANG_ANALYZER_NUMBER_OBJECT_CONVERSION = YES_AGGRESSIVE;
				CLANG_CXX_LANGUAGE_STANDARD = "gnu++20";
				CLANG_ENABLE_MODULES = YES;
				CLANG_ENABLE_OBJC_ARC = YES;
				CLANG_ENABLE_OBJC_WEAK = YES;
				CLANG_WARN_BLOCK_CAPTURE_AUTORELEASING = YES;
				CLANG_WARN_BOOL_CONVERSION = YES;
				CLANG_WARN_COMMA = YES;
				CLANG_WARN_CONSTANT_CONVERSION = YES;
				CLANG_WARN_DEPRECATED_OBJC_IMPLEMENTATIONS = YES;
				CLANG_WARN_DIRECT_OBJC_ISA_USAGE = YES_ERROR;
				CLANG_WARN_DOCUMENTATION_COMMENTS = YES;
				CLANG_WARN_EMPTY_BODY = YES;
				CLANG_WARN_ENUM_CONVERSION = YES;
				CLANG_WARN_INFINITE_RECURSION = YES;
				CLANG_WARN_INT_CONVERSION = YES;
				CLANG_WARN_NON_LITERAL_NULL_CONVERSION = YES;
				CLANG_WARN_OBJC_IMPLICIT_RETAIN_SELF = YES;
				CLANG_WARN_OBJC_LITERAL_CONVERSION = YES;
				CLANG_WARN_OBJC_ROOT_CLASS = YES_ERROR;
				CLANG_WARN_QUOTED_INCLUDE_IN_FRAMEWORK_HEADER = YES;
				CLANG_WARN_RANGE_LOOP_ANALYSIS = YES;
				CLANG_WARN_STRICT_PROTOTYPES = YES;
				CLANG_WARN_SUSPICIOUS_MOVE = YES;
				CLANG_WARN_UNGUARDED_AVAILABILITY = YES_AGGRESSIVE;
				CLANG_WARN_UNREACHABLE_CODE = YES;
				CLANG_WARN__DUPLICATE_METHOD_MATCH = YES;
				COPY_PHASE_STRIP = NO;
				DEBUG_INFORMATION_FORMAT = dwarf;
				ENABLE_STRICT_OBJC_MSGSEND = YES;
				ENABLE_TESTABILITY = YES;
				ENABLE_USER_SCRIPT_SANDBOXING = YES;
				GCC_C_LANGUAGE_STANDARD = gnu17;
				GCC_DYNAMIC_NO_PIC = NO;
				GCC_NO_COMMON_BLOCKS = YES;
				GCC_OPTIMIZATION_LEVEL = 0;
				GCC_PREPROCESSOR_DEFINITIONS = (
					"DEBUG=1",
					"$(inherited)",
				);
				GCC_WARN_64_TO_32_BIT_CONVERSION = YES;
				GCC_WARN_ABOUT_RETURN_TYPE = YES_ERROR;
				GCC_WARN_UNDECLARED_SELECTOR = YES;
				GCC_WARN_UNINITIALIZED_AUTOS = YES_AGGRESSIVE;
				GCC_WARN_UNUSED_FUNCTION = YES;
				GCC_WARN_UNUSED_VARIABLE = YES;
				IPHONEOS_DEPLOYMENT_TARGET = 17.2;
				LOCALIZATION_PREFERS_STRING_CATALOGS = YES;
				MTL_ENABLE_DEBUG_INFO = INCLUDE_SOURCE;
				MTL_FAST_MATH = YES;
				ONLY_ACTIVE_ARCH = YES;
				SDKROOT = iphoneos;
				SWIFT_ACTIVE_COMPILATION_CONDITIONS = "DEBUG $(inherited)";
				SWIFT_OPTIMIZATION_LEVEL = "-Onone";
			};
			name = Debug;
		};
		DD3BC3852CB6B84300517B49 /* Release */ = {
			isa = XCBuildConfiguration;
			buildSettings = {
				ALWAYS_SEARCH_USER_PATHS = NO;
				ASSETCATALOG_COMPILER_GENERATE_SWIFT_ASSET_SYMBOL_EXTENSIONS = YES;
				CLANG_ANALYZER_NONNULL = YES;
				CLANG_ANALYZER_NUMBER_OBJECT_CONVERSION = YES_AGGRESSIVE;
				CLANG_CXX_LANGUAGE_STANDARD = "gnu++20";
				CLANG_ENABLE_MODULES = YES;
				CLANG_ENABLE_OBJC_ARC = YES;
				CLANG_ENABLE_OBJC_WEAK = YES;
				CLANG_WARN_BLOCK_CAPTURE_AUTORELEASING = YES;
				CLANG_WARN_BOOL_CONVERSION = YES;
				CLANG_WARN_COMMA = YES;
				CLANG_WARN_CONSTANT_CONVERSION = YES;
				CLANG_WARN_DEPRECATED_OBJC_IMPLEMENTATIONS = YES;
				CLANG_WARN_DIRECT_OBJC_ISA_USAGE = YES_ERROR;
				CLANG_WARN_DOCUMENTATION_COMMENTS = YES;
				CLANG_WARN_EMPTY_BODY = YES;
				CLANG_WARN_ENUM_CONVERSION = YES;
				CLANG_WARN_INFINITE_RECURSION = YES;
				CLANG_WARN_INT_CONVERSION = YES;
				CLANG_WARN_NON_LITERAL_NULL_CONVERSION = YES;
				CLANG_WARN_OBJC_IMPLICIT_RETAIN_SELF = YES;
				CLANG_WARN_OBJC_LITERAL_CONVERSION = YES;
				CLANG_WARN_OBJC_ROOT_CLASS = YES_ERROR;
				CLANG_WARN_QUOTED_INCLUDE_IN_FRAMEWORK_HEADER = YES;
				CLANG_WARN_RANGE_LOOP_ANALYSIS = YES;
				CLANG_WARN_STRICT_PROTOTYPES = YES;
				CLANG_WARN_SUSPICIOUS_MOVE = YES;
				CLANG_WARN_UNGUARDED_AVAILABILITY = YES_AGGRESSIVE;
				CLANG_WARN_UNREACHABLE_CODE = YES;
				CLANG_WARN__DUPLICATE_METHOD_MATCH = YES;
				COPY_PHASE_STRIP = NO;
				DEBUG_INFORMATION_FORMAT = "dwarf-with-dsym";
				ENABLE_NS_ASSERTIONS = NO;
				ENABLE_STRICT_OBJC_MSGSEND = YES;
				ENABLE_USER_SCRIPT_SANDBOXING = YES;
				GCC_C_LANGUAGE_STANDARD = gnu17;
				GCC_NO_COMMON_BLOCKS = YES;
				GCC_WARN_64_TO_32_BIT_CONVERSION = YES;
				GCC_WARN_ABOUT_RETURN_TYPE = YES_ERROR;
				GCC_WARN_UNDECLARED_SELECTOR = YES;
				GCC_WARN_UNINITIALIZED_AUTOS = YES_AGGRESSIVE;
				GCC_WARN_UNUSED_FUNCTION = YES;
				GCC_WARN_UNUSED_VARIABLE = YES;
				IPHONEOS_DEPLOYMENT_TARGET = 17.2;
				LOCALIZATION_PREFERS_STRING_CATALOGS = YES;
				MTL_ENABLE_DEBUG_INFO = NO;
				MTL_FAST_MATH = YES;
				SDKROOT = iphoneos;
				SWIFT_COMPILATION_MODE = wholemodule;
				VALIDATE_PRODUCT = YES;
			};
			name = Release;
		};
		DD3BC3872CB6B84300517B49 /* Debug */ = {
			isa = XCBuildConfiguration;
			buildSettings = {
				ASSETCATALOG_COMPILER_APPICON_NAME = AppIcon;
				ASSETCATALOG_COMPILER_GLOBAL_ACCENT_COLOR_NAME = AccentColor;
				CODE_SIGN_STYLE = Automatic;
				CURRENT_PROJECT_VERSION = 1;
				DEVELOPMENT_TEAM = FBKYC38SUZ;
				GENERATE_INFOPLIST_FILE = YES;
				INFOPLIST_FILE = Exam21Lesson/Info.plist;
				INFOPLIST_KEY_UIApplicationSupportsIndirectInputEvents = YES;
				INFOPLIST_KEY_UILaunchStoryboardName = LaunchScreen;
				INFOPLIST_KEY_UISupportedInterfaceOrientations_iPad = "UIInterfaceOrientationPortrait UIInterfaceOrientationPortraitUpsideDown UIInterfaceOrientationLandscapeLeft UIInterfaceOrientationLandscapeRight";
				INFOPLIST_KEY_UISupportedInterfaceOrientations_iPhone = "UIInterfaceOrientationPortrait UIInterfaceOrientationLandscapeLeft UIInterfaceOrientationLandscapeRight";
				LD_RUNPATH_SEARCH_PATHS = (
					"$(inherited)",
					"@executable_path/Frameworks",
				);
				MARKETING_VERSION = 1.0;
				PRODUCT_BUNDLE_IDENTIFIER = DERBIN.Exam21Lesson;
				PRODUCT_NAME = "$(TARGET_NAME)";
				SWIFT_EMIT_LOC_STRINGS = YES;
				SWIFT_VERSION = 5.0;
				TARGETED_DEVICE_FAMILY = "1,2";
			};
			name = Debug;
		};
		DD3BC3882CB6B84300517B49 /* Release */ = {
			isa = XCBuildConfiguration;
			buildSettings = {
				ASSETCATALOG_COMPILER_APPICON_NAME = AppIcon;
				ASSETCATALOG_COMPILER_GLOBAL_ACCENT_COLOR_NAME = AccentColor;
				CODE_SIGN_STYLE = Automatic;
				CURRENT_PROJECT_VERSION = 1;
				DEVELOPMENT_TEAM = FBKYC38SUZ;
				GENERATE_INFOPLIST_FILE = YES;
				INFOPLIST_FILE = Exam21Lesson/Info.plist;
				INFOPLIST_KEY_UIApplicationSupportsIndirectInputEvents = YES;
				INFOPLIST_KEY_UILaunchStoryboardName = LaunchScreen;
				INFOPLIST_KEY_UISupportedInterfaceOrientations_iPad = "UIInterfaceOrientationPortrait UIInterfaceOrientationPortraitUpsideDown UIInterfaceOrientationLandscapeLeft UIInterfaceOrientationLandscapeRight";
				INFOPLIST_KEY_UISupportedInterfaceOrientations_iPhone = "UIInterfaceOrientationPortrait UIInterfaceOrientationLandscapeLeft UIInterfaceOrientationLandscapeRight";
				LD_RUNPATH_SEARCH_PATHS = (
					"$(inherited)",
					"@executable_path/Frameworks",
				);
				MARKETING_VERSION = 1.0;
				PRODUCT_BUNDLE_IDENTIFIER = DERBIN.Exam21Lesson;
				PRODUCT_NAME = "$(TARGET_NAME)";
				SWIFT_EMIT_LOC_STRINGS = YES;
				SWIFT_VERSION = 5.0;
				TARGETED_DEVICE_FAMILY = "1,2";
			};
			name = Release;
		};
/* End XCBuildConfiguration section */

/* Begin XCConfigurationList section */
		DD3BC36D2CB6B84200517B49 /* Build configuration list for PBXProject "Exam21Lesson" */ = {
			isa = XCConfigurationList;
			buildConfigurations = (
				DD3BC3842CB6B84300517B49 /* Debug */,
				DD3BC3852CB6B84300517B49 /* Release */,
			);
			defaultConfigurationIsVisible = 0;
			defaultConfigurationName = Release;
		};
		DD3BC3862CB6B84300517B49 /* Build configuration list for PBXNativeTarget "Exam21Lesson" */ = {
			isa = XCConfigurationList;
			buildConfigurations = (
				DD3BC3872CB6B84300517B49 /* Debug */,
				DD3BC3882CB6B84300517B49 /* Release */,
			);
			defaultConfigurationIsVisible = 0;
			defaultConfigurationName = Release;
		};
/* End XCConfigurationList section */
	};
	rootObject = DD3BC36A2CB6B84200517B49 /* Project object */;
}
